PODS:
  - Flutter (1.0.0)
  - LaunchDarkly (6.1.0):
    - LaunchDarkly/Core (= 6.1.0)
  - LaunchDarkly/Core (6.1.0):
    - LDSwiftEventSource (= 1.3.1)
  - launchdarkly_flutter_client_sdk (0.0.1):
    - Flutter
    - LaunchDarkly (= 6.1.0)
  - LDSwiftEventSource (1.3.1)

DEPENDENCIES:
  - Flutter (from `Flutter`)
  - launchdarkly_flutter_client_sdk (from `.symlinks/plugins/launchdarkly_flutter_client_sdk/ios`)

SPEC REPOS:
  trunk:
    - LaunchDarkly
    - LDSwiftEventSource

EXTERNAL SOURCES:
  Flutter:
    :path: Flutter
  launchdarkly_flutter_client_sdk:
    :path: ".symlinks/plugins/launchdarkly_flutter_client_sdk/ios"

SPEC CHECKSUMS:
  Flutter: f04841e97a9d0b0a8025694d0796dd46242b2854
  LaunchDarkly: 44e1728319bd7693a2a619561a8237187406b920
  launchdarkly_flutter_client_sdk: be0515d48a345356bc57c5495b1b553f85b21ea8
  LDSwiftEventSource: 1ac1b0986a07c5fe4f2c94d87f1d41f4de6ae727

PODFILE CHECKSUM: 985e5b058f26709dc81f9ae74ea2b2775bdbcefe

COCOAPODS: 1.11.3
